
Microsoft Visual Studio Solution File, Format Version 12.00
# Visual Studio Version 17
VisualStudioVersion = 17.9.34701.34
MinimumVisualStudioVersion = 10.0.40219.1
Project("{9A19103F-16F7-4668-BE54-9A1E7A4F7556}") = "GerenciamentoPedidos.Api", "GerenciamentoPedidos.Api\GerenciamentoPedidos.Api.csproj", "{9E64B129-FABA-4E23-918A-6E7CE8D780FB}"
EndProject
Project("{9A19103F-16F7-4668-BE54-9A1E7A4F7556}") = "GerenciamentoPedidos.Application", "GerenciamentoPedidos.Application\GerenciamentoPedidos.Application.csproj", "{CC7CD870-E0CA-4667-9431-DB406E5505D2}"
EndProject
Project("{9A19103F-16F7-4668-BE54-9A1E7A4F7556}") = "GerenciamentoPedidos.Domain", "GerenciamentoPedidos.Domain\GerenciamentoPedidos.Domain.csproj", "{330590A1-1E79-480E-8558-A6A6D4A163C9}"
EndProject
Project("{9A19103F-16F7-4668-BE54-9A1E7A4F7556}") = "GerenciamentoPedidos.Infrastructure", "GerenciamentoPedidos.Infrastructure\GerenciamentoPedidos.Infrastructure.csproj", "{0615007C-0B32-40A7-A2CE-5C4DAEA96CAB}"
EndProject
Project("{FAE04EC0-301F-11D3-BF4B-00C04F79EFBC}") = "GerenciamentoPedidos.Tests", "GerenciamentoPedidos.Tests\GerenciamentoPedidos.Tests.csproj", "{EFB52659-4440-422A-A906-8B51722BF4D7}"
EndProject
Global
	GlobalSection(SolutionConfigurationPlatforms) = preSolution
		Debug|Any CPU = Debug|Any CPU
		Release|Any CPU = Release|Any CPU
	EndGlobalSection
	GlobalSection(ProjectConfigurationPlatforms) = postSolution
		{9E64B129-FABA-4E23-918A-6E7CE8D780FB}.Debug|Any CPU.ActiveCfg = Debug|Any CPU
		{9E64B129-FABA-4E23-918A-6E7CE8D780FB}.Debug|Any CPU.Build.0 = Debug|Any CPU
		{9E64B129-FABA-4E23-918A-6E7CE8D780FB}.Release|Any CPU.ActiveCfg = Release|Any CPU
		{9E64B129-FABA-4E23-918A-6E7CE8D780FB}.Release|Any CPU.Build.0 = Release|Any CPU
		{CC7CD870-E0CA-4667-9431-DB406E5505D2}.Debug|Any CPU.ActiveCfg = Debug|Any CPU
		{CC7CD870-E0CA-4667-9431-DB406E5505D2}.Debug|Any CPU.Build.0 = Debug|Any CPU
		{CC7CD870-E0CA-4667-9431-DB406E5505D2}.Release|Any CPU.ActiveCfg = Release|Any CPU
		{CC7CD870-E0CA-4667-9431-DB406E5505D2}.Release|Any CPU.Build.0 = Release|Any CPU
		{330590A1-1E79-480E-8558-A6A6D4A163C9}.Debug|Any CPU.ActiveCfg = Debug|Any CPU
		{330590A1-1E79-480E-8558-A6A6D4A163C9}.Debug|Any CPU.Build.0 = Debug|Any CPU
		{330590A1-1E79-480E-8558-A6A6D4A163C9}.Release|Any CPU.ActiveCfg = Release|Any CPU
		{330590A1-1E79-480E-8558-A6A6D4A163C9}.Release|Any CPU.Build.0 = Release|Any CPU
		{0615007C-0B32-40A7-A2CE-5C4DAEA96CAB}.Debug|Any CPU.ActiveCfg = Debug|Any CPU
		{0615007C-0B32-40A7-A2CE-5C4DAEA96CAB}.Debug|Any CPU.Build.0 = Debug|Any CPU
		{0615007C-0B32-40A7-A2CE-5C4DAEA96CAB}.Release|Any CPU.ActiveCfg = Release|Any CPU
		{0615007C-0B32-40A7-A2CE-5C4DAEA96CAB}.Release|Any CPU.Build.0 = Release|Any CPU
		{EFB52659-4440-422A-A906-8B51722BF4D7}.Debug|Any CPU.ActiveCfg = Debug|Any CPU
		{EFB52659-4440-422A-A906-8B51722BF4D7}.Debug|Any CPU.Build.0 = Debug|Any CPU
		{EFB52659-4440-422A-A906-8B51722BF4D7}.Release|Any CPU.ActiveCfg = Release|Any CPU
		{EFB52659-4440-422A-A906-8B51722BF4D7}.Release|Any CPU.Build.0 = Release|Any CPU
	EndGlobalSection
	GlobalSection(SolutionProperties) = preSolution
		HideSolutionNode = FALSE
	EndGlobalSection
	GlobalSection(ExtensibilityGlobals) = postSolution
		SolutionGuid = {1A89E789-7E2F-49E3-8657-4C25FC771703}
	EndGlobalSection
EndGlobal
